
Microsoft Visual Studio Solution File, Format Version 12.00
# Visual Studio 15
Project("{FAE04EC0-301F-11D3-BF4B-00C04F79EFBC}") = "EjemploCrearLeerXML", "EjemploCrearLeerXML\EjemploCrearLeerXML.csproj", "{AEAC93F2-4D51-4D2D-8AD6-79F777102295}"
EndProject
Global
	GlobalSection(SolutionConfigurationPlatforms) = preSolution
		Debug|Any CPU = Debug|Any CPU
		Release|Any CPU = Release|Any CPU
	EndGlobalSection
	GlobalSection(ProjectConfigurationPlatforms) = postSolution
		{AEAC93F2-4D51-4D2D-8AD6-79F777102295}.Debug|Any CPU.ActiveCfg = Debug|Any CPU
		{AEAC93F2-4D51-4D2D-8AD6-79F777102295}.Debug|Any CPU.Build.0 = Debug|Any CPU
		{AEAC93F2-4D51-4D2D-8AD6-79F777102295}.Release|Any CPU.ActiveCfg = Release|Any CPU
		{AEAC93F2-4D51-4D2D-8AD6-79F777102295}.Release|Any CPU.Build.0 = Release|Any CPU
	EndGlobalSection
EndGlobal
